// !$*UTF8*$!
{
	archiveVersion = 1;
	classes = {
	};
	objectVersion = 55;
	objects = {

/* Begin PBXBuildFile section */
		FA1D0C5E2866D9E200DE5516 /* AppDelegate.swift in Sources */ = {isa = PBXBuildFile; fileRef = FA1D0C5D2866D9E200DE5516 /* AppDelegate.swift */; };
		FA1D0C602866D9E200DE5516 /* SceneDelegate.swift in Sources */ = {isa = PBXBuildFile; fileRef = FA1D0C5F2866D9E200DE5516 /* SceneDelegate.swift */; };
		FA1D0C622866D9E200DE5516 /* ViewController.swift in Sources */ = {isa = PBXBuildFile; fileRef = FA1D0C612866D9E200DE5516 /* ViewController.swift */; };
		FA1D0C652866D9E200DE5516 /* Main.storyboard in Resources */ = {isa = PBXBuildFile; fileRef = FA1D0C632866D9E200DE5516 /* Main.storyboard */; };
		FA1D0C672866D9E300DE5516 /* Assets.xcassets in Resources */ = {isa = PBXBuildFile; fileRef = FA1D0C662866D9E300DE5516 /* Assets.xcassets */; };
		FA1D0C6A2866D9E300DE5516 /* LaunchScreen.storyboard in Resources */ = {isa = PBXBuildFile; fileRef = FA1D0C682866D9E300DE5516 /* LaunchScreen.storyboard */; };
		FA1D0C802866F46400DE5516 /* CatFeedCell.swift in Sources */ = {isa = PBXBuildFile; fileRef = FA1D0C7E2866F46400DE5516 /* CatFeedCell.swift */; };
		FA1D0C812866F46400DE5516 /* CatFeedCell.xib in Resources */ = {isa = PBXBuildFile; fileRef = FA1D0C7F2866F46400DE5516 /* CatFeedCell.xib */; };
		FA1D0C862866F52100DE5516 /* CatDetailViewController.swift in Sources */ = {isa = PBXBuildFile; fileRef = FA1D0C842866F52100DE5516 /* CatDetailViewController.swift */; };
		FA1D0C872866F52100DE5516 /* CatDetailViewController.xib in Resources */ = {isa = PBXBuildFile; fileRef = FA1D0C852866F52100DE5516 /* CatDetailViewController.xib */; };
		FA1D0C8B2866F8EF00DE5516 /* FeedDetailViewController.swift in Sources */ = {isa = PBXBuildFile; fileRef = FA1D0C892866F8EF00DE5516 /* FeedDetailViewController.swift */; };
		FA1D0C8C2866F8EF00DE5516 /* FeedDetailViewController.xib in Resources */ = {isa = PBXBuildFile; fileRef = FA1D0C8A2866F8EF00DE5516 /* FeedDetailViewController.xib */; };
/* End PBXBuildFile section */

/* Begin PBXFileReference section */
		FA1D0C5A2866D9E200DE5516 /* GDGTeam8.app */ = {isa = PBXFileReference; explicitFileType = wrapper.application; includeInIndex = 0; path = GDGTeam8.app; sourceTree = BUILT_PRODUCTS_DIR; };
		FA1D0C5D2866D9E200DE5516 /* AppDelegate.swift */ = {isa = PBXFileReference; lastKnownFileType = sourcecode.swift; path = AppDelegate.swift; sourceTree = "<group>"; };
		FA1D0C5F2866D9E200DE5516 /* SceneDelegate.swift */ = {isa = PBXFileReference; lastKnownFileType = sourcecode.swift; path = SceneDelegate.swift; sourceTree = "<group>"; };
		FA1D0C612866D9E200DE5516 /* ViewController.swift */ = {isa = PBXFileReference; lastKnownFileType = sourcecode.swift; path = ViewController.swift; sourceTree = "<group>"; };
		FA1D0C642866D9E200DE5516 /* Base */ = {isa = PBXFileReference; lastKnownFileType = file.storyboard; name = Base; path = Base.lproj/Main.storyboard; sourceTree = "<group>"; };
		FA1D0C662866D9E300DE5516 /* Assets.xcassets */ = {isa = PBXFileReference; lastKnownFileType = folder.assetcatalog; path = Assets.xcassets; sourceTree = "<group>"; };
		FA1D0C692866D9E300DE5516 /* Base */ = {isa = PBXFileReference; lastKnownFileType = file.storyboard; name = Base; path = Base.lproj/LaunchScreen.storyboard; sourceTree = "<group>"; };
		FA1D0C6B2866D9E300DE5516 /* Info.plist */ = {isa = PBXFileReference; lastKnownFileType = text.plist.xml; path = Info.plist; sourceTree = "<group>"; };
		FA1D0C7E2866F46400DE5516 /* CatFeedCell.swift */ = {isa = PBXFileReference; lastKnownFileType = sourcecode.swift; path = CatFeedCell.swift; sourceTree = "<group>"; };
		FA1D0C7F2866F46400DE5516 /* CatFeedCell.xib */ = {isa = PBXFileReference; lastKnownFileType = file.xib; path = CatFeedCell.xib; sourceTree = "<group>"; };
		FA1D0C842866F52100DE5516 /* CatDetailViewController.swift */ = {isa = PBXFileReference; lastKnownFileType = sourcecode.swift; name = CatDetailViewController.swift; path = ../View/CatDetailViewController.swift; sourceTree = "<group>"; };
		FA1D0C852866F52100DE5516 /* CatDetailViewController.xib */ = {isa = PBXFileReference; lastKnownFileType = file.xib; path = CatDetailViewController.xib; sourceTree = "<group>"; };
		FA1D0C892866F8EF00DE5516 /* FeedDetailViewController.swift */ = {isa = PBXFileReference; lastKnownFileType = sourcecode.swift; path = FeedDetailViewController.swift; sourceTree = "<group>"; };
		FA1D0C8A2866F8EF00DE5516 /* FeedDetailViewController.xib */ = {isa = PBXFileReference; lastKnownFileType = file.xib; path = FeedDetailViewController.xib; sourceTree = "<group>"; };
/* End PBXFileReference section */

/* Begin PBXFrameworksBuildPhase section */
		FA1D0C572866D9E200DE5516 /* Frameworks */ = {
			isa = PBXFrameworksBuildPhase;
			buildActionMask = 2147483647;
			files = (
			);
			runOnlyForDeploymentPostprocessing = 0;
		};
/* End PBXFrameworksBuildPhase section */

/* Begin PBXGroup section */
		FA1D0C512866D9E200DE5516 = {
			isa = PBXGroup;
			children = (
				FA1D0C5C2866D9E200DE5516 /* GDGTeam8 */,
				FA1D0C5B2866D9E200DE5516 /* Products */,
			);
			sourceTree = "<group>";
		};
		FA1D0C5B2866D9E200DE5516 /* Products */ = {
			isa = PBXGroup;
			children = (
				FA1D0C5A2866D9E200DE5516 /* GDGTeam8.app */,
			);
			name = Products;
			sourceTree = "<group>";
		};
		FA1D0C5C2866D9E200DE5516 /* GDGTeam8 */ = {
			isa = PBXGroup;
			children = (
				FA1D0C882866F8CF00DE5516 /* FeedDetail */,
				FA1D0C752866F0B400DE5516 /* CatDetail */,
				FA1D0C5D2866D9E200DE5516 /* AppDelegate.swift */,
				FA1D0C5F2866D9E200DE5516 /* SceneDelegate.swift */,
				FA1D0C612866D9E200DE5516 /* ViewController.swift */,
				FA1D0C632866D9E200DE5516 /* Main.storyboard */,
				FA1D0C662866D9E300DE5516 /* Assets.xcassets */,
				FA1D0C682866D9E300DE5516 /* LaunchScreen.storyboard */,
				FA1D0C6B2866D9E300DE5516 /* Info.plist */,
			);
			path = GDGTeam8;
			sourceTree = "<group>";
		};
		FA1D0C752866F0B400DE5516 /* CatDetail */ = {
			isa = PBXGroup;
			children = (
				FA1D0C7A2866F38200DE5516 /* Model */,
				FA1D0C7B2866F38A00DE5516 /* View */,
				FA1D0C7C2866F39100DE5516 /* Controller */,
			);
			path = CatDetail;
			sourceTree = "<group>";
		};
		FA1D0C7A2866F38200DE5516 /* Model */ = {
			isa = PBXGroup;
			children = (
			);
			path = Model;
			sourceTree = "<group>";
		};
		FA1D0C7B2866F38A00DE5516 /* View */ = {
			isa = PBXGroup;
			children = (
				FA1D0C7D2866F3AB00DE5516 /* Cell */,
				FA1D0C852866F52100DE5516 /* CatDetailViewController.xib */,
			);
			path = View;
			sourceTree = "<group>";
		};
		FA1D0C7C2866F39100DE5516 /* Controller */ = {
			isa = PBXGroup;
			children = (
				FA1D0C842866F52100DE5516 /* CatDetailViewController.swift */,
			);
			path = Controller;
			sourceTree = "<group>";
		};
		FA1D0C7D2866F3AB00DE5516 /* Cell */ = {
			isa = PBXGroup;
			children = (
				FA1D0C7E2866F46400DE5516 /* CatFeedCell.swift */,
				FA1D0C7F2866F46400DE5516 /* CatFeedCell.xib */,
			);
			path = Cell;
			sourceTree = "<group>";
		};
		FA1D0C882866F8CF00DE5516 /* FeedDetail */ = {
			isa = PBXGroup;
			children = (
				FA1D0C8D2866F96D00DE5516 /* Model */,
				FA1D0C8E2866F97300DE5516 /* View */,
				FA1D0C8F2866F97700DE5516 /* Controller */,
			);
			path = FeedDetail;
			sourceTree = "<group>";
		};
		FA1D0C8D2866F96D00DE5516 /* Model */ = {
			isa = PBXGroup;
			children = (
			);
			path = Model;
			sourceTree = "<group>";
		};
		FA1D0C8E2866F97300DE5516 /* View */ = {
			isa = PBXGroup;
			children = (
				FA1D0C8A2866F8EF00DE5516 /* FeedDetailViewController.xib */,
			);
			path = View;
			sourceTree = "<group>";
		};
		FA1D0C8F2866F97700DE5516 /* Controller */ = {
			isa = PBXGroup;
			children = (
				FA1D0C892866F8EF00DE5516 /* FeedDetailViewController.swift */,
			);
			path = Controller;
			sourceTree = "<group>";
		};
/* End PBXGroup section */

/* Begin PBXNativeTarget section */
		FA1D0C592866D9E200DE5516 /* GDGTeam8 */ = {
			isa = PBXNativeTarget;
			buildConfigurationList = FA1D0C6E2866D9E300DE5516 /* Build configuration list for PBXNativeTarget "GDGTeam8" */;
			buildPhases = (
				FA1D0C562866D9E200DE5516 /* Sources */,
				FA1D0C572866D9E200DE5516 /* Frameworks */,
				FA1D0C582866D9E200DE5516 /* Resources */,
			);
			buildRules = (
			);
			dependencies = (
			);
			name = GDGTeam8;
			productName = GDGTeam8;
			productReference = FA1D0C5A2866D9E200DE5516 /* GDGTeam8.app */;
			productType = "com.apple.product-type.application";
		};
/* End PBXNativeTarget section */

/* Begin PBXProject section */
		FA1D0C522866D9E200DE5516 /* Project object */ = {
			isa = PBXProject;
			attributes = {
				BuildIndependentTargetsInParallel = 1;
				LastSwiftUpdateCheck = 1310;
				LastUpgradeCheck = 1310;
				TargetAttributes = {
					FA1D0C592866D9E200DE5516 = {
						CreatedOnToolsVersion = 13.1;
					};
				};
			};
			buildConfigurationList = FA1D0C552866D9E200DE5516 /* Build configuration list for PBXProject "GDGTeam8" */;
			compatibilityVersion = "Xcode 13.0";
			developmentRegion = en;
			hasScannedForEncodings = 0;
			knownRegions = (
				en,
				Base,
			);
			mainGroup = FA1D0C512866D9E200DE5516;
			productRefGroup = FA1D0C5B2866D9E200DE5516 /* Products */;
			projectDirPath = "";
			projectRoot = "";
			targets = (
				FA1D0C592866D9E200DE5516 /* GDGTeam8 */,
			);
		};
/* End PBXProject section */

/* Begin PBXResourcesBuildPhase section */
		FA1D0C582866D9E200DE5516 /* Resources */ = {
			isa = PBXResourcesBuildPhase;
			buildActionMask = 2147483647;
			files = (
				FA1D0C872866F52100DE5516 /* CatDetailViewController.xib in Resources */,
				FA1D0C8C2866F8EF00DE5516 /* FeedDetailViewController.xib in Resources */,
				FA1D0C812866F46400DE5516 /* CatFeedCell.xib in Resources */,
				FA1D0C6A2866D9E300DE5516 /* LaunchScreen.storyboard in Resources */,
				FA1D0C672866D9E300DE5516 /* Assets.xcassets in Resources */,
				FA1D0C652866D9E200DE5516 /* Main.storyboard in Resources */,
			);
			runOnlyForDeploymentPostprocessing = 0;
		};
/* End PBXResourcesBuildPhase section */

/* Begin PBXSourcesBuildPhase section */
		FA1D0C562866D9E200DE5516 /* Sources */ = {
			isa = PBXSourcesBuildPhase;
			buildActionMask = 2147483647;
			files = (
				FA1D0C622866D9E200DE5516 /* ViewController.swift in Sources */,
				FA1D0C8B2866F8EF00DE5516 /* FeedDetailViewController.swift in Sources */,
				FA1D0C802866F46400DE5516 /* CatFeedCell.swift in Sources */,
				FA1D0C862866F52100DE5516 /* CatDetailViewController.swift in Sources */,
				FA1D0C5E2866D9E200DE5516 /* AppDelegate.swift in Sources */,
				FA1D0C602866D9E200DE5516 /* SceneDelegate.swift in Sources */,
			);
			runOnlyForDeploymentPostprocessing = 0;
		};
/* End PBXSourcesBuildPhase section */

/* Begin PBXVariantGroup section */
		FA1D0C632866D9E200DE5516 /* Main.storyboard */ = {
			isa = PBXVariantGroup;
			children = (
				FA1D0C642866D9E200DE5516 /* Base */,
			);
			name = Main.storyboard;
			sourceTree = "<group>";
		};
		FA1D0C682866D9E300DE5516 /* LaunchScreen.storyboard */ = {
			isa = PBXVariantGroup;
			children = (
				FA1D0C692866D9E300DE5516 /* Base */,
			);
			name = LaunchScreen.storyboard;
			sourceTree = "<group>";
		};
/* End PBXVariantGroup section */

/* Begin XCBuildConfiguration section */
		FA1D0C6C2866D9E300DE5516 /* Debug */ = {
			isa = XCBuildConfiguration;
			buildSettings = {
				ALWAYS_SEARCH_USER_PATHS = NO;
				CLANG_ANALYZER_NONNULL = YES;
				CLANG_ANALYZER_NUMBER_OBJECT_CONVERSION = YES_AGGRESSIVE;
				CLANG_CXX_LANGUAGE_STANDARD = "gnu++17";
				CLANG_CXX_LIBRARY = "libc++";
				CLANG_ENABLE_MODULES = YES;
				CLANG_ENABLE_OBJC_ARC = YES;
				CLANG_ENABLE_OBJC_WEAK = YES;
				CLANG_WARN_BLOCK_CAPTURE_AUTORELEASING = YES;
				CLANG_WARN_BOOL_CONVERSION = YES;
				CLANG_WARN_COMMA = YES;
				CLANG_WARN_CONSTANT_CONVERSION = YES;
				CLANG_WARN_DEPRECATED_OBJC_IMPLEMENTATIONS = YES;
				CLANG_WARN_DIRECT_OBJC_ISA_USAGE = YES_ERROR;
				CLANG_WARN_DOCUMENTATION_COMMENTS = YES;
				CLANG_WARN_EMPTY_BODY = YES;
				CLANG_WARN_ENUM_CONVERSION = YES;
				CLANG_WARN_INFINITE_RECURSION = YES;
				CLANG_WARN_INT_CONVERSION = YES;
				CLANG_WARN_NON_LITERAL_NULL_CONVERSION = YES;
				CLANG_WARN_OBJC_IMPLICIT_RETAIN_SELF = YES;
				CLANG_WARN_OBJC_LITERAL_CONVERSION = YES;
				CLANG_WARN_OBJC_ROOT_CLASS = YES_ERROR;
				CLANG_WARN_QUOTED_INCLUDE_IN_FRAMEWORK_HEADER = YES;
				CLANG_WARN_RANGE_LOOP_ANALYSIS = YES;
				CLANG_WARN_STRICT_PROTOTYPES = YES;
				CLANG_WARN_SUSPICIOUS_MOVE = YES;
				CLANG_WARN_UNGUARDED_AVAILABILITY = YES_AGGRESSIVE;
				CLANG_WARN_UNREACHABLE_CODE = YES;
				CLANG_WARN__DUPLICATE_METHOD_MATCH = YES;
				COPY_PHASE_STRIP = NO;
				DEBUG_INFORMATION_FORMAT = dwarf;
				ENABLE_STRICT_OBJC_MSGSEND = YES;
				ENABLE_TESTABILITY = YES;
				GCC_C_LANGUAGE_STANDARD = gnu11;
				GCC_DYNAMIC_NO_PIC = NO;
				GCC_NO_COMMON_BLOCKS = YES;
				GCC_OPTIMIZATION_LEVEL = 0;
				GCC_PREPROCESSOR_DEFINITIONS = (
					"DEBUG=1",
					"$(inherited)",
				);
				GCC_WARN_64_TO_32_BIT_CONVERSION = YES;
				GCC_WARN_ABOUT_RETURN_TYPE = YES_ERROR;
				GCC_WARN_UNDECLARED_SELECTOR = YES;
				GCC_WARN_UNINITIALIZED_AUTOS = YES_AGGRESSIVE;
				GCC_WARN_UNUSED_FUNCTION = YES;
				GCC_WARN_UNUSED_VARIABLE = YES;
				IPHONEOS_DEPLOYMENT_TARGET = 15.0;
				MTL_ENABLE_DEBUG_INFO = INCLUDE_SOURCE;
				MTL_FAST_MATH = YES;
				ONLY_ACTIVE_ARCH = YES;
				SDKROOT = iphoneos;
				SWIFT_ACTIVE_COMPILATION_CONDITIONS = DEBUG;
				SWIFT_OPTIMIZATION_LEVEL = "-Onone";
			};
			name = Debug;
		};
		FA1D0C6D2866D9E300DE5516 /* Release */ = {
			isa = XCBuildConfiguration;
			buildSettings = {
				ALWAYS_SEARCH_USER_PATHS = NO;
				CLANG_ANALYZER_NONNULL = YES;
				CLANG_ANALYZER_NUMBER_OBJECT_CONVERSION = YES_AGGRESSIVE;
				CLANG_CXX_LANGUAGE_STANDARD = "gnu++17";
				CLANG_CXX_LIBRARY = "libc++";
				CLANG_ENABLE_MODULES = YES;
				CLANG_ENABLE_OBJC_ARC = YES;
				CLANG_ENABLE_OBJC_WEAK = YES;
				CLANG_WARN_BLOCK_CAPTURE_AUTORELEASING = YES;
				CLANG_WARN_BOOL_CONVERSION = YES;
				CLANG_WARN_COMMA = YES;
				CLANG_WARN_CONSTANT_CONVERSION = YES;
				CLANG_WARN_DEPRECATED_OBJC_IMPLEMENTATIONS = YES;
				CLANG_WARN_DIRECT_OBJC_ISA_USAGE = YES_ERROR;
				CLANG_WARN_DOCUMENTATION_COMMENTS = YES;
				CLANG_WARN_EMPTY_BODY = YES;
				CLANG_WARN_ENUM_CONVERSION = YES;
				CLANG_WARN_INFINITE_RECURSION = YES;
				CLANG_WARN_INT_CONVERSION = YES;
				CLANG_WARN_NON_LITERAL_NULL_CONVERSION = YES;
				CLANG_WARN_OBJC_IMPLICIT_RETAIN_SELF = YES;
				CLANG_WARN_OBJC_LITERAL_CONVERSION = YES;
				CLANG_WARN_OBJC_ROOT_CLASS = YES_ERROR;
				CLANG_WARN_QUOTED_INCLUDE_IN_FRAMEWORK_HEADER = YES;
				CLANG_WARN_RANGE_LOOP_ANALYSIS = YES;
				CLANG_WARN_STRICT_PROTOTYPES = YES;
				CLANG_WARN_SUSPICIOUS_MOVE = YES;
				CLANG_WARN_UNGUARDED_AVAILABILITY = YES_AGGRESSIVE;
				CLANG_WARN_UNREACHABLE_CODE = YES;
				CLANG_WARN__DUPLICATE_METHOD_MATCH = YES;
				COPY_PHASE_STRIP = NO;
				DEBUG_INFORMATION_FORMAT = "dwarf-with-dsym";
				ENABLE_NS_ASSERTIONS = NO;
				ENABLE_STRICT_OBJC_MSGSEND = YES;
				GCC_C_LANGUAGE_STANDARD = gnu11;
				GCC_NO_COMMON_BLOCKS = YES;
				GCC_WARN_64_TO_32_BIT_CONVERSION = YES;
				GCC_WARN_ABOUT_RETURN_TYPE = YES_ERROR;
				GCC_WARN_UNDECLARED_SELECTOR = YES;
				GCC_WARN_UNINITIALIZED_AUTOS = YES_AGGRESSIVE;
				GCC_WARN_UNUSED_FUNCTION = YES;
				GCC_WARN_UNUSED_VARIABLE = YES;
				IPHONEOS_DEPLOYMENT_TARGET = 15.0;
				MTL_ENABLE_DEBUG_INFO = NO;
				MTL_FAST_MATH = YES;
				SDKROOT = iphoneos;
				SWIFT_COMPILATION_MODE = wholemodule;
				SWIFT_OPTIMIZATION_LEVEL = "-O";
				VALIDATE_PRODUCT = YES;
			};
			name = Release;
		};
		FA1D0C6F2866D9E300DE5516 /* Debug */ = {
			isa = XCBuildConfiguration;
			buildSettings = {
				ASSETCATALOG_COMPILER_APPICON_NAME = AppIcon;
				ASSETCATALOG_COMPILER_GLOBAL_ACCENT_COLOR_NAME = AccentColor;
				CODE_SIGN_STYLE = Automatic;
				CURRENT_PROJECT_VERSION = 1;
				GENERATE_INFOPLIST_FILE = YES;
				INFOPLIST_FILE = GDGTeam8/Info.plist;
				INFOPLIST_KEY_UIApplicationSupportsIndirectInputEvents = YES;
				INFOPLIST_KEY_UILaunchStoryboardName = LaunchScreen;
				INFOPLIST_KEY_UIMainStoryboardFile = Main;
				INFOPLIST_KEY_UISupportedInterfaceOrientations_iPad = "UIInterfaceOrientationPortrait UIInterfaceOrientationPortraitUpsideDown UIInterfaceOrientationLandscapeLeft UIInterfaceOrientationLandscapeRight";
				INFOPLIST_KEY_UISupportedInterfaceOrientations_iPhone = "UIInterfaceOrientationPortrait UIInterfaceOrientationLandscapeLeft UIInterfaceOrientationLandscapeRight";
				LD_RUNPATH_SEARCH_PATHS = (
					"$(inherited)",
					"@executable_path/Frameworks",
				);
				MARKETING_VERSION = 1.0;
				PRODUCT_BUNDLE_IDENTIFIER = LimYoungSun.GDGTeam8;
				PRODUCT_NAME = "$(TARGET_NAME)";
				SWIFT_EMIT_LOC_STRINGS = YES;
				SWIFT_VERSION = 5.0;
				TARGETED_DEVICE_FAMILY = "1,2";
			};
			name = Debug;
		};
		FA1D0C702866D9E300DE5516 /* Release */ = {
			isa = XCBuildConfiguration;
			buildSettings = {
				ASSETCATALOG_COMPILER_APPICON_NAME = AppIcon;
				ASSETCATALOG_COMPILER_GLOBAL_ACCENT_COLOR_NAME = AccentColor;
				CODE_SIGN_STYLE = Automatic;
				CURRENT_PROJECT_VERSION = 1;
				GENERATE_INFOPLIST_FILE = YES;
				INFOPLIST_FILE = GDGTeam8/Info.plist;
				INFOPLIST_KEY_UIApplicationSupportsIndirectInputEvents = YES;
				INFOPLIST_KEY_UILaunchStoryboardName = LaunchScreen;
				INFOPLIST_KEY_UIMainStoryboardFile = Main;
				INFOPLIST_KEY_UISupportedInterfaceOrientations_iPad = "UIInterfaceOrientationPortrait UIInterfaceOrientationPortraitUpsideDown UIInterfaceOrientationLandscapeLeft UIInterfaceOrientationLandscapeRight";
				INFOPLIST_KEY_UISupportedInterfaceOrientations_iPhone = "UIInterfaceOrientationPortrait UIInterfaceOrientationLandscapeLeft UIInterfaceOrientationLandscapeRight";
				LD_RUNPATH_SEARCH_PATHS = (
					"$(inherited)",
					"@executable_path/Frameworks",
				);
				MARKETING_VERSION = 1.0;
				PRODUCT_BUNDLE_IDENTIFIER = LimYoungSun.GDGTeam8;
				PRODUCT_NAME = "$(TARGET_NAME)";
				SWIFT_EMIT_LOC_STRINGS = YES;
				SWIFT_VERSION = 5.0;
				TARGETED_DEVICE_FAMILY = "1,2";
			};
			name = Release;
		};
/* End XCBuildConfiguration section */

/* Begin XCConfigurationList section */
		FA1D0C552866D9E200DE5516 /* Build configuration list for PBXProject "GDGTeam8" */ = {
			isa = XCConfigurationList;
			buildConfigurations = (
				FA1D0C6C2866D9E300DE5516 /* Debug */,
				FA1D0C6D2866D9E300DE5516 /* Release */,
			);
			defaultConfigurationIsVisible = 0;
			defaultConfigurationName = Release;
		};
		FA1D0C6E2866D9E300DE5516 /* Build configuration list for PBXNativeTarget "GDGTeam8" */ = {
			isa = XCConfigurationList;
			buildConfigurations = (
				FA1D0C6F2866D9E300DE5516 /* Debug */,
				FA1D0C702866D9E300DE5516 /* Release */,
			);
			defaultConfigurationIsVisible = 0;
			defaultConfigurationName = Release;
		};
/* End XCConfigurationList section */
	};
	rootObject = FA1D0C522866D9E200DE5516 /* Project object */;
}
